// !$*UTF8*$!
{
	archiveVersion = 1;
	classes = {
	};
	objectVersion = 50;
	objects = {

/* Begin PBXBuildFile section */
		F47C58E126D15F2000D273F9 /* AppDelegate.swift in Sources */ = {isa = PBXBuildFile; fileRef = F47C58E026D15F2000D273F9 /* AppDelegate.swift */; };
		F47C58E326D15F2000D273F9 /* SceneDelegate.swift in Sources */ = {isa = PBXBuildFile; fileRef = F47C58E226D15F2000D273F9 /* SceneDelegate.swift */; };
		F47C58E526D15F2000D273F9 /* ViewController.swift in Sources */ = {isa = PBXBuildFile; fileRef = F47C58E426D15F2000D273F9 /* ViewController.swift */; };
		F47C58E826D15F2000D273F9 /* Main.storyboard in Resources */ = {isa = PBXBuildFile; fileRef = F47C58E626D15F2000D273F9 /* Main.storyboard */; };
		F47C58EA26D15F2100D273F9 /* Assets.xcassets in Resources */ = {isa = PBXBuildFile; fileRef = F47C58E926D15F2100D273F9 /* Assets.xcassets */; };
		F47C58ED26D15F2100D273F9 /* LaunchScreen.storyboard in Resources */ = {isa = PBXBuildFile; fileRef = F47C58EB26D15F2100D273F9 /* LaunchScreen.storyboard */; };
		F47C58F826D15F2100D273F9 /* PreworkTests.swift in Sources */ = {isa = PBXBuildFile; fileRef = F47C58F726D15F2100D273F9 /* PreworkTests.swift */; };
		F47C590326D15F2100D273F9 /* PreworkUITests.swift in Sources */ = {isa = PBXBuildFile; fileRef = F47C590226D15F2100D273F9 /* PreworkUITests.swift */; };
/* End PBXBuildFile section */

/* Begin PBXContainerItemProxy section */
		F47C58F426D15F2100D273F9 /* PBXContainerItemProxy */ = {
			isa = PBXContainerItemProxy;
			containerPortal = F47C58D526D15F2000D273F9 /* Project object */;
			proxyType = 1;
			remoteGlobalIDString = F47C58DC26D15F2000D273F9;
			remoteInfo = Prework;
		};
		F47C58FF26D15F2100D273F9 /* PBXContainerItemProxy */ = {
			isa = PBXContainerItemProxy;
			containerPortal = F47C58D526D15F2000D273F9 /* Project object */;
			proxyType = 1;
			remoteGlobalIDString = F47C58DC26D15F2000D273F9;
			remoteInfo = Prework;
		};
/* End PBXContainerItemProxy section */

/* Begin PBXFileReference section */
		F47C58DD26D15F2000D273F9 /* Prework.app */ = {isa = PBXFileReference; explicitFileType = wrapper.application; includeInIndex = 0; path = Prework.app; sourceTree = BUILT_PRODUCTS_DIR; };
		F47C58E026D15F2000D273F9 /* AppDelegate.swift */ = {isa = PBXFileReference; lastKnownFileType = sourcecode.swift; path = AppDelegate.swift; sourceTree = "<group>"; };
		F47C58E226D15F2000D273F9 /* SceneDelegate.swift */ = {isa = PBXFileReference; lastKnownFileType = sourcecode.swift; path = SceneDelegate.swift; sourceTree = "<group>"; };
		F47C58E426D15F2000D273F9 /* ViewController.swift */ = {isa = PBXFileReference; lastKnownFileType = sourcecode.swift; path = ViewController.swift; sourceTree = "<group>"; };
		F47C58E726D15F2000D273F9 /* Base */ = {isa = PBXFileReference; lastKnownFileType = file.storyboard; name = Base; path = Base.lproj/Main.storyboard; sourceTree = "<group>"; };
		F47C58E926D15F2100D273F9 /* Assets.xcassets */ = {isa = PBXFileReference; lastKnownFileType = folder.assetcatalog; path = Assets.xcassets; sourceTree = "<group>"; };
		F47C58EC26D15F2100D273F9 /* Base */ = {isa = PBXFileReference; lastKnownFileType = file.storyboard; name = Base; path = Base.lproj/LaunchScreen.storyboard; sourceTree = "<group>"; };
		F47C58EE26D15F2100D273F9 /* Info.plist */ = {isa = PBXFileReference; lastKnownFileType = text.plist.xml; path = Info.plist; sourceTree = "<group>"; };
		F47C58F326D15F2100D273F9 /* PreworkTests.xctest */ = {isa = PBXFileReference; explicitFileType = wrapper.cfbundle; includeInIndex = 0; path = PreworkTests.xctest; sourceTree = BUILT_PRODUCTS_DIR; };
		F47C58F726D15F2100D273F9 /* PreworkTests.swift */ = {isa = PBXFileReference; lastKnownFileType = sourcecode.swift; path = PreworkTests.swift; sourceTree = "<group>"; };
		F47C58F926D15F2100D273F9 /* Info.plist */ = {isa = PBXFileReference; lastKnownFileType = text.plist.xml; path = Info.plist; sourceTree = "<group>"; };
		F47C58FE26D15F2100D273F9 /* PreworkUITests.xctest */ = {isa = PBXFileReference; explicitFileType = wrapper.cfbundle; includeInIndex = 0; path = PreworkUITests.xctest; sourceTree = BUILT_PRODUCTS_DIR; };
		F47C590226D15F2100D273F9 /* PreworkUITests.swift */ = {isa = PBXFileReference; lastKnownFileType = sourcecode.swift; path = PreworkUITests.swift; sourceTree = "<group>"; };
		F47C590426D15F2100D273F9 /* Info.plist */ = {isa = PBXFileReference; lastKnownFileType = text.plist.xml; path = Info.plist; sourceTree = "<group>"; };
/* End PBXFileReference section */

/* Begin PBXFrameworksBuildPhase section */
		F47C58DA26D15F2000D273F9 /* Frameworks */ = {
			isa = PBXFrameworksBuildPhase;
			buildActionMask = 2147483647;
			files = (
			);
			runOnlyForDeploymentPostprocessing = 0;
		};
		F47C58F026D15F2100D273F9 /* Frameworks */ = {
			isa = PBXFrameworksBuildPhase;
			buildActionMask = 2147483647;
			files = (
			);
			runOnlyForDeploymentPostprocessing = 0;
		};
		F47C58FB26D15F2100D273F9 /* Frameworks */ = {
			isa = PBXFrameworksBuildPhase;
			buildActionMask = 2147483647;
			files = (
			);
			runOnlyForDeploymentPostprocessing = 0;
		};
/* End PBXFrameworksBuildPhase section */

/* Begin PBXGroup section */
		F47C58D426D15F2000D273F9 = {
			isa = PBXGroup;
			children = (
				F47C58DF26D15F2000D273F9 /* Prework */,
				F47C58F626D15F2100D273F9 /* PreworkTests */,
				F47C590126D15F2100D273F9 /* PreworkUITests */,
				F47C58DE26D15F2000D273F9 /* Products */,
			);
			sourceTree = "<group>";
		};
		F47C58DE26D15F2000D273F9 /* Products */ = {
			isa = PBXGroup;
			children = (
				F47C58DD26D15F2000D273F9 /* Prework.app */,
				F47C58F326D15F2100D273F9 /* PreworkTests.xctest */,
				F47C58FE26D15F2100D273F9 /* PreworkUITests.xctest */,
			);
			name = Products;
			sourceTree = "<group>";
		};
		F47C58DF26D15F2000D273F9 /* Prework */ = {
			isa = PBXGroup;
			children = (
				F47C58E026D15F2000D273F9 /* AppDelegate.swift */,
				F47C58E226D15F2000D273F9 /* SceneDelegate.swift */,
				F47C58E426D15F2000D273F9 /* ViewController.swift */,
				F47C58E626D15F2000D273F9 /* Main.storyboard */,
				F47C58E926D15F2100D273F9 /* Assets.xcassets */,
				F47C58EB26D15F2100D273F9 /* LaunchScreen.storyboard */,
				F47C58EE26D15F2100D273F9 /* Info.plist */,
			);
			path = Prework;
			sourceTree = "<group>";
		};
		F47C58F626D15F2100D273F9 /* PreworkTests */ = {
			isa = PBXGroup;
			children = (
				F47C58F726D15F2100D273F9 /* PreworkTests.swift */,
				F47C58F926D15F2100D273F9 /* Info.plist */,
			);
			path = PreworkTests;
			sourceTree = "<group>";
		};
		F47C590126D15F2100D273F9 /* PreworkUITests */ = {
			isa = PBXGroup;
			children = (
				F47C590226D15F2100D273F9 /* PreworkUITests.swift */,
				F47C590426D15F2100D273F9 /* Info.plist */,
			);
			path = PreworkUITests;
			sourceTree = "<group>";
		};
/* End PBXGroup section */

/* Begin PBXNativeTarget section */
		F47C58DC26D15F2000D273F9 /* Prework */ = {
			isa = PBXNativeTarget;
			buildConfigurationList = F47C590726D15F2100D273F9 /* Build configuration list for PBXNativeTarget "Prework" */;
			buildPhases = (
				F47C58D926D15F2000D273F9 /* Sources */,
				F47C58DA26D15F2000D273F9 /* Frameworks */,
				F47C58DB26D15F2000D273F9 /* Resources */,
			);
			buildRules = (
			);
			dependencies = (
			);
			name = Prework;
			productName = Prework;
			productReference = F47C58DD26D15F2000D273F9 /* Prework.app */;
			productType = "com.apple.product-type.application";
		};
		F47C58F226D15F2100D273F9 /* PreworkTests */ = {
			isa = PBXNativeTarget;
			buildConfigurationList = F47C590A26D15F2100D273F9 /* Build configuration list for PBXNativeTarget "PreworkTests" */;
			buildPhases = (
				F47C58EF26D15F2100D273F9 /* Sources */,
				F47C58F026D15F2100D273F9 /* Frameworks */,
				F47C58F126D15F2100D273F9 /* Resources */,
			);
			buildRules = (
			);
			dependencies = (
				F47C58F526D15F2100D273F9 /* PBXTargetDependency */,
			);
			name = PreworkTests;
			productName = PreworkTests;
			productReference = F47C58F326D15F2100D273F9 /* PreworkTests.xctest */;
			productType = "com.apple.product-type.bundle.unit-test";
		};
		F47C58FD26D15F2100D273F9 /* PreworkUITests */ = {
			isa = PBXNativeTarget;
			buildConfigurationList = F47C590D26D15F2100D273F9 /* Build configuration list for PBXNativeTarget "PreworkUITests" */;
			buildPhases = (
				F47C58FA26D15F2100D273F9 /* Sources */,
				F47C58FB26D15F2100D273F9 /* Frameworks */,
				F47C58FC26D15F2100D273F9 /* Resources */,
			);
			buildRules = (
			);
			dependencies = (
				F47C590026D15F2100D273F9 /* PBXTargetDependency */,
			);
			name = PreworkUITests;
			productName = PreworkUITests;
			productReference = F47C58FE26D15F2100D273F9 /* PreworkUITests.xctest */;
			productType = "com.apple.product-type.bundle.ui-testing";
		};
/* End PBXNativeTarget section */

/* Begin PBXProject section */
		F47C58D526D15F2000D273F9 /* Project object */ = {
			isa = PBXProject;
			attributes = {
				LastSwiftUpdateCheck = 1250;
				LastUpgradeCheck = 1250;
				TargetAttributes = {
					F47C58DC26D15F2000D273F9 = {
						CreatedOnToolsVersion = 12.5.1;
					};
					F47C58F226D15F2100D273F9 = {
						CreatedOnToolsVersion = 12.5.1;
						TestTargetID = F47C58DC26D15F2000D273F9;
					};
					F47C58FD26D15F2100D273F9 = {
						CreatedOnToolsVersion = 12.5.1;
						TestTargetID = F47C58DC26D15F2000D273F9;
					};
				};
			};
			buildConfigurationList = F47C58D826D15F2000D273F9 /* Build configuration list for PBXProject "Prework" */;
			compatibilityVersion = "Xcode 9.3";
			developmentRegion = en;
			hasScannedForEncodings = 0;
			knownRegions = (
				en,
				Base,
			);
			mainGroup = F47C58D426D15F2000D273F9;
			productRefGroup = F47C58DE26D15F2000D273F9 /* Products */;
			projectDirPath = "";
			projectRoot = "";
			targets = (
				F47C58DC26D15F2000D273F9 /* Prework */,
				F47C58F226D15F2100D273F9 /* PreworkTests */,
				F47C58FD26D15F2100D273F9 /* PreworkUITests */,
			);
		};
/* End PBXProject section */

/* Begin PBXResourcesBuildPhase section */
		F47C58DB26D15F2000D273F9 /* Resources */ = {
			isa = PBXResourcesBuildPhase;
			buildActionMask = 2147483647;
			files = (
				F47C58ED26D15F2100D273F9 /* LaunchScreen.storyboard in Resources */,
				F47C58EA26D15F2100D273F9 /* Assets.xcassets in Resources */,
				F47C58E826D15F2000D273F9 /* Main.storyboard in Resources */,
			);
			runOnlyForDeploymentPostprocessing = 0;
		};
		F47C58F126D15F2100D273F9 /* Resources */ = {
			isa = PBXResourcesBuildPhase;
			buildActionMask = 2147483647;
			files = (
			);
			runOnlyForDeploymentPostprocessing = 0;
		};
		F47C58FC26D15F2100D273F9 /* Resources */ = {
			isa = PBXResourcesBuildPhase;
			buildActionMask = 2147483647;
			files = (
			);
			runOnlyForDeploymentPostprocessing = 0;
		};
/* End PBXResourcesBuildPhase section */

/* Begin PBXSourcesBuildPhase section */
		F47C58D926D15F2000D273F9 /* Sources */ = {
			isa = PBXSourcesBuildPhase;
			buildActionMask = 2147483647;
			files = (
				F47C58E526D15F2000D273F9 /* ViewController.swift in Sources */,
				F47C58E126D15F2000D273F9 /* AppDelegate.swift in Sources */,
				F47C58E326D15F2000D273F9 /* SceneDelegate.swift in Sources */,
			);
			runOnlyForDeploymentPostprocessing = 0;
		};
		F47C58EF26D15F2100D273F9 /* Sources */ = {
			isa = PBXSourcesBuildPhase;
			buildActionMask = 2147483647;
			files = (
				F47C58F826D15F2100D273F9 /* PreworkTests.swift in Sources */,
			);
			runOnlyForDeploymentPostprocessing = 0;
		};
		F47C58FA26D15F2100D273F9 /* Sources */ = {
			isa = PBXSourcesBuildPhase;
			buildActionMask = 2147483647;
			files = (
				F47C590326D15F2100D273F9 /* PreworkUITests.swift in Sources */,
			);
			runOnlyForDeploymentPostprocessing = 0;
		};
/* End PBXSourcesBuildPhase section */

/* Begin PBXTargetDependency section */
		F47C58F526D15F2100D273F9 /* PBXTargetDependency */ = {
			isa = PBXTargetDependency;
			target = F47C58DC26D15F2000D273F9 /* Prework */;
			targetProxy = F47C58F426D15F2100D273F9 /* PBXContainerItemProxy */;
		};
		F47C590026D15F2100D273F9 /* PBXTargetDependency */ = {
			isa = PBXTargetDependency;
			target = F47C58DC26D15F2000D273F9 /* Prework */;
			targetProxy = F47C58FF26D15F2100D273F9 /* PBXContainerItemProxy */;
		};
/* End PBXTargetDependency section */

/* Begin PBXVariantGroup section */
		F47C58E626D15F2000D273F9 /* Main.storyboard */ = {
			isa = PBXVariantGroup;
			children = (
				F47C58E726D15F2000D273F9 /* Base */,
			);
			name = Main.storyboard;
			sourceTree = "<group>";
		};
		F47C58EB26D15F2100D273F9 /* LaunchScreen.storyboard */ = {
			isa = PBXVariantGroup;
			children = (
				F47C58EC26D15F2100D273F9 /* Base */,
			);
			name = LaunchScreen.storyboard;
			sourceTree = "<group>";
		};
/* End PBXVariantGroup section */

/* Begin XCBuildConfiguration section */
		F47C590526D15F2100D273F9 /* Debug */ = {
			isa = XCBuildConfiguration;
			buildSettings = {
				ALWAYS_SEARCH_USER_PATHS = NO;
				CLANG_ANALYZER_NONNULL = YES;
				CLANG_ANALYZER_NUMBER_OBJECT_CONVERSION = YES_AGGRESSIVE;
				CLANG_CXX_LANGUAGE_STANDARD = "gnu++14";
				CLANG_CXX_LIBRARY = "libc++";
				CLANG_ENABLE_MODULES = YES;
				CLANG_ENABLE_OBJC_ARC = YES;
				CLANG_ENABLE_OBJC_WEAK = YES;
				CLANG_WARN_BLOCK_CAPTURE_AUTORELEASING = YES;
				CLANG_WARN_BOOL_CONVERSION = YES;
				CLANG_WARN_COMMA = YES;
				CLANG_WARN_CONSTANT_CONVERSION = YES;
				CLANG_WARN_DEPRECATED_OBJC_IMPLEMENTATIONS = YES;
				CLANG_WARN_DIRECT_OBJC_ISA_USAGE = YES_ERROR;
				CLANG_WARN_DOCUMENTATION_COMMENTS = YES;
				CLANG_WARN_EMPTY_BODY = YES;
				CLANG_WARN_ENUM_CONVERSION = YES;
				CLANG_WARN_INFINITE_RECURSION = YES;
				CLANG_WARN_INT_CONVERSION = YES;
				CLANG_WARN_NON_LITERAL_NULL_CONVERSION = YES;
				CLANG_WARN_OBJC_IMPLICIT_RETAIN_SELF = YES;
				CLANG_WARN_OBJC_LITERAL_CONVERSION = YES;
				CLANG_WARN_OBJC_ROOT_CLASS = YES_ERROR;
				CLANG_WARN_QUOTED_INCLUDE_IN_FRAMEWORK_HEADER = YES;
				CLANG_WARN_RANGE_LOOP_ANALYSIS = YES;
				CLANG_WARN_STRICT_PROTOTYPES = YES;
				CLANG_WARN_SUSPICIOUS_MOVE = YES;
				CLANG_WARN_UNGUARDED_AVAILABILITY = YES_AGGRESSIVE;
				CLANG_WARN_UNREACHABLE_CODE = YES;
				CLANG_WARN__DUPLICATE_METHOD_MATCH = YES;
				COPY_PHASE_STRIP = NO;
				DEBUG_INFORMATION_FORMAT = dwarf;
				ENABLE_STRICT_OBJC_MSGSEND = YES;
				ENABLE_TESTABILITY = YES;
				GCC_C_LANGUAGE_STANDARD = gnu11;
				GCC_DYNAMIC_NO_PIC = NO;
				GCC_NO_COMMON_BLOCKS = YES;
				GCC_OPTIMIZATION_LEVEL = 0;
				GCC_PREPROCESSOR_DEFINITIONS = (
					"DEBUG=1",
					"$(inherited)",
				);
				GCC_WARN_64_TO_32_BIT_CONVERSION = YES;
				GCC_WARN_ABOUT_RETURN_TYPE = YES_ERROR;
				GCC_WARN_UNDECLARED_SELECTOR = YES;
				GCC_WARN_UNINITIALIZED_AUTOS = YES_AGGRESSIVE;
				GCC_WARN_UNUSED_FUNCTION = YES;
				GCC_WARN_UNUSED_VARIABLE = YES;
				IPHONEOS_DEPLOYMENT_TARGET = 14.5;
				MTL_ENABLE_DEBUG_INFO = INCLUDE_SOURCE;
				MTL_FAST_MATH = YES;
				ONLY_ACTIVE_ARCH = YES;
				SDKROOT = iphoneos;
				SWIFT_ACTIVE_COMPILATION_CONDITIONS = DEBUG;
				SWIFT_OPTIMIZATION_LEVEL = "-Onone";
			};
			name = Debug;
		};
		F47C590626D15F2100D273F9 /* Release */ = {
			isa = XCBuildConfiguration;
			buildSettings = {
				ALWAYS_SEARCH_USER_PATHS = NO;
				CLANG_ANALYZER_NONNULL = YES;
				CLANG_ANALYZER_NUMBER_OBJECT_CONVERSION = YES_AGGRESSIVE;
				CLANG_CXX_LANGUAGE_STANDARD = "gnu++14";
				CLANG_CXX_LIBRARY = "libc++";
				CLANG_ENABLE_MODULES = YES;
				CLANG_ENABLE_OBJC_ARC = YES;
				CLANG_ENABLE_OBJC_WEAK = YES;
				CLANG_WARN_BLOCK_CAPTURE_AUTORELEASING = YES;
				CLANG_WARN_BOOL_CONVERSION = YES;
				CLANG_WARN_COMMA = YES;
				CLANG_WARN_CONSTANT_CONVERSION = YES;
				CLANG_WARN_DEPRECATED_OBJC_IMPLEMENTATIONS = YES;
				CLANG_WARN_DIRECT_OBJC_ISA_USAGE = YES_ERROR;
				CLANG_WARN_DOCUMENTATION_COMMENTS = YES;
				CLANG_WARN_EMPTY_BODY = YES;
				CLANG_WARN_ENUM_CONVERSION = YES;
				CLANG_WARN_INFINITE_RECURSION = YES;
				CLANG_WARN_INT_CONVERSION = YES;
				CLANG_WARN_NON_LITERAL_NULL_CONVERSION = YES;
				CLANG_WARN_OBJC_IMPLICIT_RETAIN_SELF = YES;
				CLANG_WARN_OBJC_LITERAL_CONVERSION = YES;
				CLANG_WARN_OBJC_ROOT_CLASS = YES_ERROR;
				CLANG_WARN_QUOTED_INCLUDE_IN_FRAMEWORK_HEADER = YES;
				CLANG_WARN_RANGE_LOOP_ANALYSIS = YES;
				CLANG_WARN_STRICT_PROTOTYPES = YES;
				CLANG_WARN_SUSPICIOUS_MOVE = YES;
				CLANG_WARN_UNGUARDED_AVAILABILITY = YES_AGGRESSIVE;
				CLANG_WARN_UNREACHABLE_CODE = YES;
				CLANG_WARN__DUPLICATE_METHOD_MATCH = YES;
				COPY_PHASE_STRIP = NO;
				DEBUG_INFORMATION_FORMAT = "dwarf-with-dsym";
				ENABLE_NS_ASSERTIONS = NO;
				ENABLE_STRICT_OBJC_MSGSEND = YES;
				GCC_C_LANGUAGE_STANDARD = gnu11;
				GCC_NO_COMMON_BLOCKS = YES;
				GCC_WARN_64_TO_32_BIT_CONVERSION = YES;
				GCC_WARN_ABOUT_RETURN_TYPE = YES_ERROR;
				GCC_WARN_UNDECLARED_SELECTOR = YES;
				GCC_WARN_UNINITIALIZED_AUTOS = YES_AGGRESSIVE;
				GCC_WARN_UNUSED_FUNCTION = YES;
				GCC_WARN_UNUSED_VARIABLE = YES;
				IPHONEOS_DEPLOYMENT_TARGET = 14.5;
				MTL_ENABLE_DEBUG_INFO = NO;
				MTL_FAST_MATH = YES;
				SDKROOT = iphoneos;
				SWIFT_COMPILATION_MODE = wholemodule;
				SWIFT_OPTIMIZATION_LEVEL = "-O";
				VALIDATE_PRODUCT = YES;
			};
			name = Release;
		};
		F47C590826D15F2100D273F9 /* Debug */ = {
			isa = XCBuildConfiguration;
			buildSettings = {
				ASSETCATALOG_COMPILER_APPICON_NAME = AppIcon;
				ASSETCATALOG_COMPILER_GLOBAL_ACCENT_COLOR_NAME = AccentColor;
				CODE_SIGN_STYLE = Automatic;
				INFOPLIST_FILE = Prework/Info.plist;
				LD_RUNPATH_SEARCH_PATHS = (
					"$(inherited)",
					"@executable_path/Frameworks",
				);
				PRODUCT_BUNDLE_IDENTIFIER = memo.com.Prework;
				PRODUCT_NAME = "$(TARGET_NAME)";
				SWIFT_VERSION = 5.0;
				TARGETED_DEVICE_FAMILY = "1,2";
			};
			name = Debug;
		};
		F47C590926D15F2100D273F9 /* Release */ = {
			isa = XCBuildConfiguration;
			buildSettings = {
				ASSETCATALOG_COMPILER_APPICON_NAME = AppIcon;
				ASSETCATALOG_COMPILER_GLOBAL_ACCENT_COLOR_NAME = AccentColor;
				CODE_SIGN_STYLE = Automatic;
				INFOPLIST_FILE = Prework/Info.plist;
				LD_RUNPATH_SEARCH_PATHS = (
					"$(inherited)",
					"@executable_path/Frameworks",
				);
				PRODUCT_BUNDLE_IDENTIFIER = memo.com.Prework;
				PRODUCT_NAME = "$(TARGET_NAME)";
				SWIFT_VERSION = 5.0;
				TARGETED_DEVICE_FAMILY = "1,2";
			};
			name = Release;
		};
		F47C590B26D15F2100D273F9 /* Debug */ = {
			isa = XCBuildConfiguration;
			buildSettings = {
				ALWAYS_EMBED_SWIFT_STANDARD_LIBRARIES = YES;
				BUNDLE_LOADER = "$(TEST_HOST)";
				CODE_SIGN_STYLE = Automatic;
				INFOPLIST_FILE = PreworkTests/Info.plist;
				IPHONEOS_DEPLOYMENT_TARGET = 14.5;
				LD_RUNPATH_SEARCH_PATHS = (
					"$(inherited)",
					"@executable_path/Frameworks",
					"@loader_path/Frameworks",
				);
				PRODUCT_BUNDLE_IDENTIFIER = memo.com.PreworkTests;
				PRODUCT_NAME = "$(TARGET_NAME)";
				SWIFT_VERSION = 5.0;
				TARGETED_DEVICE_FAMILY = "1,2";
				TEST_HOST = "$(BUILT_PRODUCTS_DIR)/Prework.app/Prework";
			};
			name = Debug;
		};
		F47C590C26D15F2100D273F9 /* Release */ = {
			isa = XCBuildConfiguration;
			buildSettings = {
				ALWAYS_EMBED_SWIFT_STANDARD_LIBRARIES = YES;
				BUNDLE_LOADER = "$(TEST_HOST)";
				CODE_SIGN_STYLE = Automatic;
				INFOPLIST_FILE = PreworkTests/Info.plist;
				IPHONEOS_DEPLOYMENT_TARGET = 14.5;
				LD_RUNPATH_SEARCH_PATHS = (
					"$(inherited)",
					"@executable_path/Frameworks",
					"@loader_path/Frameworks",
				);
				PRODUCT_BUNDLE_IDENTIFIER = memo.com.PreworkTests;
				PRODUCT_NAME = "$(TARGET_NAME)";
				SWIFT_VERSION = 5.0;
				TARGETED_DEVICE_FAMILY = "1,2";
				TEST_HOST = "$(BUILT_PRODUCTS_DIR)/Prework.app/Prework";
			};
			name = Release;
		};
		F47C590E26D15F2100D273F9 /* Debug */ = {
			isa = XCBuildConfiguration;
			buildSettings = {
				ALWAYS_EMBED_SWIFT_STANDARD_LIBRARIES = YES;
				CODE_SIGN_STYLE = Automatic;
				INFOPLIST_FILE = PreworkUITests/Info.plist;
				LD_RUNPATH_SEARCH_PATHS = (
					"$(inherited)",
					"@executable_path/Frameworks",
					"@loader_path/Frameworks",
				);
				PRODUCT_BUNDLE_IDENTIFIER = memo.com.PreworkUITests;
				PRODUCT_NAME = "$(TARGET_NAME)";
				SWIFT_VERSION = 5.0;
				TARGETED_DEVICE_FAMILY = "1,2";
				TEST_TARGET_NAME = Prework;
			};
			name = Debug;
		};
		F47C590F26D15F2100D273F9 /* Release */ = {
			isa = XCBuildConfiguration;
			buildSettings = {
				ALWAYS_EMBED_SWIFT_STANDARD_LIBRARIES = YES;
				CODE_SIGN_STYLE = Automatic;
				INFOPLIST_FILE = PreworkUITests/Info.plist;
				LD_RUNPATH_SEARCH_PATHS = (
					"$(inherited)",
					"@executable_path/Frameworks",
					"@loader_path/Frameworks",
				);
				PRODUCT_BUNDLE_IDENTIFIER = memo.com.PreworkUITests;
				PRODUCT_NAME = "$(TARGET_NAME)";
				SWIFT_VERSION = 5.0;
				TARGETED_DEVICE_FAMILY = "1,2";
				TEST_TARGET_NAME = Prework;
			};
			name = Release;
		};
/* End XCBuildConfiguration section */

/* Begin XCConfigurationList section */
		F47C58D826D15F2000D273F9 /* Build configuration list for PBXProject "Prework" */ = {
			isa = XCConfigurationList;
			buildConfigurations = (
				F47C590526D15F2100D273F9 /* Debug */,
				F47C590626D15F2100D273F9 /* Release */,
			);
			defaultConfigurationIsVisible = 0;
			defaultConfigurationName = Release;
		};
		F47C590726D15F2100D273F9 /* Build configuration list for PBXNativeTarget "Prework" */ = {
			isa = XCConfigurationList;
			buildConfigurations = (
				F47C590826D15F2100D273F9 /* Debug */,
				F47C590926D15F2100D273F9 /* Release */,
			);
			defaultConfigurationIsVisible = 0;
			defaultConfigurationName = Release;
		};
		F47C590A26D15F2100D273F9 /* Build configuration list for PBXNativeTarget "PreworkTests" */ = {
			isa = XCConfigurationList;
			buildConfigurations = (
				F47C590B26D15F2100D273F9 /* Debug */,
				F47C590C26D15F2100D273F9 /* Release */,
			);
			defaultConfigurationIsVisible = 0;
			defaultConfigurationName = Release;
		};
		F47C590D26D15F2100D273F9 /* Build configuration list for PBXNativeTarget "PreworkUITests" */ = {
			isa = XCConfigurationList;
			buildConfigurations = (
				F47C590E26D15F2100D273F9 /* Debug */,
				F47C590F26D15F2100D273F9 /* Release */,
			);
			defaultConfigurationIsVisible = 0;
			defaultConfigurationName = Release;
		};
/* End XCConfigurationList section */
	};
	rootObject = F47C58D526D15F2000D273F9 /* Project object */;
}
